
Microsoft Visual Studio Solution File, Format Version 12.00
# Visual Studio Version 17
VisualStudioVersion = 17.9.34728.123
MinimumVisualStudioVersion = 10.0.40219.1
Project("{9A19103F-16F7-4668-BE54-9A1E7A4F7556}") = "epi-display-samsung-mdc.4Series", "src\epi-display-samsung-mdc.4Series.csproj", "{537EA1CC-E04F-4A88-B125-2A374DAFE3A8}"
EndProject
Global
	GlobalSection(SolutionConfigurationPlatforms) = preSolution
		Debug|Any CPU = Debug|Any CPU
		Release|Any CPU = Release|Any CPU
	EndGlobalSection
	GlobalSection(ProjectConfigurationPlatforms) = postSolution
		{537EA1CC-E04F-4A88-B125-2A374DAFE3A8}.Debug|Any CPU.ActiveCfg = Debug|Any CPU
		{537EA1CC-E04F-4A88-B125-2A374DAFE3A8}.Debug|Any CPU.Build.0 = Debug|Any CPU
		{537EA1CC-E04F-4A88-B125-2A374DAFE3A8}.Release|Any CPU.ActiveCfg = Release|Any CPU
		{537EA1CC-E04F-4A88-B125-2A374DAFE3A8}.Release|Any CPU.Build.0 = Release|Any CPU
	EndGlobalSection
	GlobalSection(SolutionProperties) = preSolution
		HideSolutionNode = FALSE
	EndGlobalSection
	GlobalSection(ExtensibilityGlobals) = postSolution
		SolutionGuid = {C87BEC6E-C55B-4430-B0D7-DABA346D587A}
	EndGlobalSection
EndGlobal
